{
  "version": 4,
  "terraform_version": "1.4.2",
  "serial": 3,
  "lineage": "83122d8a-0b6f-00a0-386e-1e64f6be4fe1",
  "outputs": {},
  "resources": [
    {
      "mode": "managed",
      "type": "google_compute_instance",
      "name": "suse-gcp-vm-tf",
      "provider": "provider[\"registry.terraform.io/hashicorp/google\"]",
      "instances": [
        {
          "schema_version": 6,
          "attributes": {
            "advanced_machine_features": [],
            "allow_stopping_for_update": true,
            "attached_disk": [],
            "boot_disk": [
              {
                "auto_delete": false,
                "device_name": "persistent-disk-0",
                "disk_encryption_key_raw": "",
                "disk_encryption_key_sha256": "",
                "initialize_params": [
                  {
                    "image": "https://www.googleapis.com/compute/v1/projects/debian-cloud/global/images/debian-10-buster-v20230306",
                    "labels": {},
                    "size": 10,
                    "type": "pd-standard"
                  }
                ],
                "kms_key_self_link": "",
                "mode": "READ_WRITE",
                "source": "https://www.googleapis.com/compute/v1/projects/suse-gcp-vm-deploy/zones/us-central1-a/disks/suse-gcp-vm-tf"
              }
            ],
            "can_ip_forward": false,
            "confidential_instance_config": [],
            "cpu_platform": "Intel Haswell",
            "current_status": "RUNNING",
            "deletion_protection": false,
            "description": "",
            "desired_status": null,
            "enable_display": false,
            "guest_accelerator": [],
            "hostname": "",
            "id": "projects/suse-gcp-vm-deploy/zones/us-central1-a/instances/suse-gcp-vm-tf",
            "instance_id": "1336629546890353863",
            "label_fingerprint": "LxLcg5Nm1js=",
            "labels": {
              "test": "susegcpvm"
            },
            "machine_type": "f1-micro",
            "metadata": null,
            "metadata_fingerprint": "SYIthpdGu9I=",
            "metadata_startup_script": "",
            "min_cpu_platform": "",
            "name": "suse-gcp-vm-tf",
            "network_interface": [
              {
                "access_config": [
                  {
                    "nat_ip": "34.133.27.45",
                    "network_tier": "PREMIUM",
                    "public_ptr_domain_name": ""
                  }
                ],
                "alias_ip_range": [],
                "name": "nic0",
                "network": "https://www.googleapis.com/compute/v1/projects/suse-gcp-vm-deploy/global/networks/default",
                "network_ip": "10.128.0.2",
                "nic_type": "",
                "subnetwork": "https://www.googleapis.com/compute/v1/projects/suse-gcp-vm-deploy/regions/us-central1/subnetworks/default",
                "subnetwork_project": "suse-gcp-vm-deploy"
              }
            ],
            "project": "suse-gcp-vm-deploy",
            "reservation_affinity": [],
            "resource_policies": null,
            "scheduling": [
              {
                "automatic_restart": false,
                "min_node_cpus": 0,
                "node_affinities": [],
                "on_host_maintenance": "MIGRATE",
                "preemptible": false
              }
            ],
            "scratch_disk": [],
            "self_link": "https://www.googleapis.com/compute/v1/projects/suse-gcp-vm-deploy/zones/us-central1-a/instances/suse-gcp-vm-tf",
            "service_account": [],
            "shielded_instance_config": [
              {
                "enable_integrity_monitoring": true,
                "enable_secure_boot": false,
                "enable_vtpm": true
              }
            ],
            "tags": null,
            "tags_fingerprint": "42WmSpB8rSM=",
            "timeouts": null,
            "zone": "us-central1-a"
          },
          "sensitive_attributes": [],
          "private": "eyJlMmJmYjczMC1lY2FhLTExZTYtOGY4OC0zNDM2M2JjN2M0YzAiOnsiY3JlYXRlIjoxMjAwMDAwMDAwMDAwLCJkZWxldGUiOjEyMDAwMDAwMDAwMDAsInVwZGF0ZSI6MTIwMDAwMDAwMDAwMH0sInNjaGVtYV92ZXJzaW9uIjoiNiJ9"
        }
      ]
    }
  ],
  "check_results": null
}
